
Microsoft Visual Studio Solution File, Format Version 12.00
# Visual Studio Express 2012 for Windows Desktop
Project("{8BC9CEB8-8B4A-11D0-8D11-00A0C91BC942}") = "Sample1", "Sample1\Sample1.vcxproj", "{64FE1816-7568-4C67-AFEF-A8FA8AF80609}"
EndProject
Global
	GlobalSection(SolutionConfigurationPlatforms) = preSolution
		Debug|Win32 = Debug|Win32
		Release|Win32 = Release|Win32
	EndGlobalSection
	GlobalSection(ProjectConfigurationPlatforms) = postSolution
		{64FE1816-7568-4C67-AFEF-A8FA8AF80609}.Debug|Win32.ActiveCfg = Debug|Win32
		{64FE1816-7568-4C67-AFEF-A8FA8AF80609}.Debug|Win32.Build.0 = Debug|Win32
		{64FE1816-7568-4C67-AFEF-A8FA8AF80609}.Release|Win32.ActiveCfg = Release|Win32
		{64FE1816-7568-4C67-AFEF-A8FA8AF80609}.Release|Win32.Build.0 = Release|Win32
	EndGlobalSection
	GlobalSection(SolutionProperties) = preSolution
		HideSolutionNode = FALSE
	EndGlobalSection
EndGlobal
